
Microsoft Visual Studio Solution File, Format Version 12.00
# Visual Studio Version 16
VisualStudioVersion = 16.0.31729.503
MinimumVisualStudioVersion = 10.0.40219.1
Project("{FAE04EC0-301F-11D3-BF4B-00C04F79EFBC}") = "Payroll_Service", "Payroll_Service\Payroll_Service.csproj", "{7D0DA1AF-9D5B-44BE-918B-F2E3D38925CD}"
EndProject
Global
	GlobalSection(SolutionConfigurationPlatforms) = preSolution
		Debug|Any CPU = Debug|Any CPU
		Release|Any CPU = Release|Any CPU
	EndGlobalSection
	GlobalSection(ProjectConfigurationPlatforms) = postSolution
		{7D0DA1AF-9D5B-44BE-918B-F2E3D38925CD}.Debug|Any CPU.ActiveCfg = Debug|Any CPU
		{7D0DA1AF-9D5B-44BE-918B-F2E3D38925CD}.Debug|Any CPU.Build.0 = Debug|Any CPU
		{7D0DA1AF-9D5B-44BE-918B-F2E3D38925CD}.Release|Any CPU.ActiveCfg = Release|Any CPU
		{7D0DA1AF-9D5B-44BE-918B-F2E3D38925CD}.Release|Any CPU.Build.0 = Release|Any CPU
	EndGlobalSection
	GlobalSection(SolutionProperties) = preSolution
		HideSolutionNode = FALSE
	EndGlobalSection
	GlobalSection(ExtensibilityGlobals) = postSolution
		SolutionGuid = {51396289-49C9-40F4-A795-AA65E3F0315B}
	EndGlobalSection
EndGlobal
